{
  "originHash" : "0456ca83981cc04ffdda47c3732752cf56885fa74f737867dc85fa87af01691f",
  "pins" : [
    {
      "identity" : "macro-codable-kit",
      "kind" : "remoteSourceControl",
      "location" : "https://github.com/coenttb/macro-codable-kit.git",
      "state" : {
        "branch" : "main",
        "revision" : "fe50f6cf17ad8bee13fd34daa1b8d81718fec4d9"
      }
    },
    {
      "identity" : "swift-argument-parser",
      "kind" : "remoteSourceControl",
      "location" : "https://github.com/apple/swift-argument-parser.git",
      "state" : {
        "revision" : "41982a3656a71c768319979febd796c6fd111d5c",
        "version" : "1.5.0"
      }
    },
    {
      "identity" : "swift-cmark",
      "kind" : "remoteSourceControl",
      "location" : "https://github.com/apple/swift-cmark.git",
      "state" : {
        "revision" : "3ccff77b2dc5b96b77db3da0d68d28068593fa53",
        "version" : "0.5.0"
      }
    },
    {
      "identity" : "swift-format",
      "kind" : "remoteSourceControl",
      "location" : "https://github.com/swiftlang/swift-format.git",
      "state" : {
        "revision" : "65f9da9aad84adb7e2028eb32ca95164aa590e3b",
        "version" : "600.0.0"
      }
    },
    {
      "identity" : "swift-macro-toolkit",
      "kind" : "remoteSourceControl",
      "location" : "https://github.com/stackotter/swift-macro-toolkit",
      "state" : {
        "branch" : "main",
        "revision" : "e706aa98bc28f82677923f7b8f560bba6f90fac2"
      }
    },
    {
      "identity" : "swift-markdown",
      "kind" : "remoteSourceControl",
      "location" : "https://github.com/apple/swift-markdown.git",
      "state" : {
        "revision" : "8f79cb175981458a0a27e76cb42fee8e17b1a993",
        "version" : "0.5.0"
      }
    },
    {
      "identity" : "swift-memberwise-init-macro",
      "kind" : "remoteSourceControl",
      "location" : "https://github.com/gohanlon/swift-memberwise-init-macro",
      "state" : {
        "revision" : "21ca6d8c8f9e4ce27e92f82da294e0d91953b8b6",
        "version" : "0.5.1"
      }
    },
    {
      "identity" : "swift-syntax",
      "kind" : "remoteSourceControl",
      "location" : "https://github.com/swiftlang/swift-syntax.git",
      "state" : {
        "revision" : "0687f71944021d616d34d922343dcef086855920",
        "version" : "600.0.1"
      }
    }
  ],
  "version" : 3
}
